// !$*UTF8*$!
{
	archiveVersion = 1;
	classes = {
	};
	objectVersion = 50;
	objects = {

/* Begin PBXBuildFile section */
		430A329A221F3CA0000AAE4E /* GoogleService-Info.plist in Resources */ = {isa = PBXBuildFile; fileRef = 430A3299221F3CA0000AAE4E /* GoogleService-Info.plist */; };
		430A329B221F3CA0000AAE4E /* GoogleService-Info.plist in Resources */ = {isa = PBXBuildFile; fileRef = 430A3299221F3CA0000AAE4E /* GoogleService-Info.plist */; };
		431E8D6E22B807C10083BAB3 /* TemperatureRanges.swift in Sources */ = {isa = PBXBuildFile; fileRef = 431E8D6D22B807C10083BAB3 /* TemperatureRanges.swift */; };
		4342323A2215B89700304F6A /* AppDelegate.swift in Sources */ = {isa = PBXBuildFile; fileRef = 434232392215B89700304F6A /* AppDelegate.swift */; };
		4342323C2215B89700304F6A /* RecommendationViewController.swift in Sources */ = {isa = PBXBuildFile; fileRef = 4342323B2215B89700304F6A /* RecommendationViewController.swift */; };
		4342323F2215B89700304F6A /* Main.storyboard in Resources */ = {isa = PBXBuildFile; fileRef = 4342323D2215B89700304F6A /* Main.storyboard */; };
		434232412215B89700304F6A /* Assets.xcassets in Resources */ = {isa = PBXBuildFile; fileRef = 434232402215B89700304F6A /* Assets.xcassets */; };
		434232442215B89700304F6A /* LaunchScreen.storyboard in Resources */ = {isa = PBXBuildFile; fileRef = 434232422215B89700304F6A /* LaunchScreen.storyboard */; };
		4342324F2215B89800304F6A /* dressForTheWeatherTests.swift in Sources */ = {isa = PBXBuildFile; fileRef = 4342324E2215B89800304F6A /* dressForTheWeatherTests.swift */; };
		4353901C22317C4200399216 /* ClothingItem.swift in Sources */ = {isa = PBXBuildFile; fileRef = 4353901B22317C4200399216 /* ClothingItem.swift */; };
		43539021223182AE00399216 /* TempClothingData.swift in Sources */ = {isa = PBXBuildFile; fileRef = 43539020223182AE00399216 /* TempClothingData.swift */; };
		435390232231837400399216 /* BodyPlacement.swift in Sources */ = {isa = PBXBuildFile; fileRef = 435390222231837400399216 /* BodyPlacement.swift */; };
		4353902A2231A5A300399216 /* RecommendationViewModel.swift in Sources */ = {isa = PBXBuildFile; fileRef = 435390292231A5A300399216 /* RecommendationViewModel.swift */; };
		435390542232E91400399216 /* WeatherData.swift in Sources */ = {isa = PBXBuildFile; fileRef = 435390532232E91400399216 /* WeatherData.swift */; };
		435D31FD22D66BA9005F7C05 /* LocationTableViewController.swift in Sources */ = {isa = PBXBuildFile; fileRef = 435D31FC22D66BA9005F7C05 /* LocationTableViewController.swift */; };
		435D31FF22D7861A005F7C05 /* TempLocationListData.swift in Sources */ = {isa = PBXBuildFile; fileRef = 435D31FE22D7861A005F7C05 /* TempLocationListData.swift */; };
		43A740952296F1A800880FED /* ClothingCollectionVIew.swift in Sources */ = {isa = PBXBuildFile; fileRef = 43A740942296F1A800880FED /* ClothingCollectionVIew.swift */; };
		43A74097229724A400880FED /* ClothingCollectionViewCell.swift in Sources */ = {isa = PBXBuildFile; fileRef = 43A74096229724A400880FED /* ClothingCollectionViewCell.swift */; };
		43A7409F22983B1800880FED /* Quicksand-Bold.ttf in Resources */ = {isa = PBXBuildFile; fileRef = 43A7409A229839E300880FED /* Quicksand-Bold.ttf */; };
		43A740A022983B1C00880FED /* Quicksand-Light.ttf in Resources */ = {isa = PBXBuildFile; fileRef = 43A7409D229839E300880FED /* Quicksand-Light.ttf */; };
		43A740A122983B1E00880FED /* Quicksand-Medium.ttf in Resources */ = {isa = PBXBuildFile; fileRef = 43A7409B229839E300880FED /* Quicksand-Medium.ttf */; };
		43A740A222983B2100880FED /* Quicksand-Regular.ttf in Resources */ = {isa = PBXBuildFile; fileRef = 43A7409C229839E300880FED /* Quicksand-Regular.ttf */; };
		43A740A322983B2300880FED /* VarelaRound-Regular.ttf in Resources */ = {isa = PBXBuildFile; fileRef = 43A7409E229839EF00880FED /* VarelaRound-Regular.ttf */; };
		43D83926224D55D500128563 /* UserLocationManager.swift in Sources */ = {isa = PBXBuildFile; fileRef = 43D83925224D55D500128563 /* UserLocationManager.swift */; };
		7345049B224D132200090FF8 /* WeatherNetworking.swift in Sources */ = {isa = PBXBuildFile; fileRef = 7345049A224D132200090FF8 /* WeatherNetworking.swift */; };
		73ACA6122266410E00D1FC1C /* Outfit.swift in Sources */ = {isa = PBXBuildFile; fileRef = 73ACA6112266410E00D1FC1C /* Outfit.swift */; };
		D917E28FBBF82B710B78C875 /* Pods_dressForTheWeatherTests.framework in Frameworks */ = {isa = PBXBuildFile; fileRef = 99FB56631E16763C6B7EF16E /* Pods_dressForTheWeatherTests.framework */; };
		E91F1BC0C132F19A30BB42B9 /* Pods_dressForTheWeather.framework in Frameworks */ = {isa = PBXBuildFile; fileRef = 05D58CBE184CF32BD2B38184 /* Pods_dressForTheWeather.framework */; };
/* End PBXBuildFile section */

/* Begin PBXContainerItemProxy section */
		4342324B2215B89800304F6A /* PBXContainerItemProxy */ = {
			isa = PBXContainerItemProxy;
			containerPortal = 4342322E2215B89700304F6A /* Project object */;
			proxyType = 1;
			remoteGlobalIDString = 434232352215B89700304F6A;
			remoteInfo = dressForTheWeather;
		};
/* End PBXContainerItemProxy section */

/* Begin PBXFileReference section */
		05D58CBE184CF32BD2B38184 /* Pods_dressForTheWeather.framework */ = {isa = PBXFileReference; explicitFileType = wrapper.framework; includeInIndex = 0; path = Pods_dressForTheWeather.framework; sourceTree = BUILT_PRODUCTS_DIR; };
		430A3299221F3CA0000AAE4E /* GoogleService-Info.plist */ = {isa = PBXFileReference; fileEncoding = 4; lastKnownFileType = text.plist.xml; path = "GoogleService-Info.plist"; sourceTree = "<group>"; };
		431E8D6D22B807C10083BAB3 /* TemperatureRanges.swift */ = {isa = PBXFileReference; lastKnownFileType = sourcecode.swift; path = TemperatureRanges.swift; sourceTree = "<group>"; };
		434232362215B89700304F6A /* dressForTheWeather.app */ = {isa = PBXFileReference; explicitFileType = wrapper.application; includeInIndex = 0; path = dressForTheWeather.app; sourceTree = BUILT_PRODUCTS_DIR; };
		434232392215B89700304F6A /* AppDelegate.swift */ = {isa = PBXFileReference; lastKnownFileType = sourcecode.swift; path = AppDelegate.swift; sourceTree = "<group>"; };
		4342323B2215B89700304F6A /* RecommendationViewController.swift */ = {isa = PBXFileReference; lastKnownFileType = sourcecode.swift; path = RecommendationViewController.swift; sourceTree = "<group>"; };
		4342323E2215B89700304F6A /* Base */ = {isa = PBXFileReference; lastKnownFileType = file.storyboard; name = Base; path = Base.lproj/Main.storyboard; sourceTree = "<group>"; };
		434232402215B89700304F6A /* Assets.xcassets */ = {isa = PBXFileReference; lastKnownFileType = folder.assetcatalog; path = Assets.xcassets; sourceTree = "<group>"; };
		434232432215B89700304F6A /* Base */ = {isa = PBXFileReference; lastKnownFileType = file.storyboard; name = Base; path = Base.lproj/LaunchScreen.storyboard; sourceTree = "<group>"; };
		434232452215B89700304F6A /* Info.plist */ = {isa = PBXFileReference; lastKnownFileType = text.plist.xml; path = Info.plist; sourceTree = "<group>"; };
		4342324A2215B89800304F6A /* dressForTheWeatherTests.xctest */ = {isa = PBXFileReference; explicitFileType = wrapper.cfbundle; includeInIndex = 0; path = dressForTheWeatherTests.xctest; sourceTree = BUILT_PRODUCTS_DIR; };
		4342324E2215B89800304F6A /* dressForTheWeatherTests.swift */ = {isa = PBXFileReference; lastKnownFileType = sourcecode.swift; path = dressForTheWeatherTests.swift; sourceTree = "<group>"; };
		434232502215B89800304F6A /* Info.plist */ = {isa = PBXFileReference; lastKnownFileType = text.plist.xml; path = Info.plist; sourceTree = "<group>"; };
		4353901B22317C4200399216 /* ClothingItem.swift */ = {isa = PBXFileReference; lastKnownFileType = sourcecode.swift; path = ClothingItem.swift; sourceTree = "<group>"; };
		43539020223182AE00399216 /* TempClothingData.swift */ = {isa = PBXFileReference; lastKnownFileType = sourcecode.swift; path = TempClothingData.swift; sourceTree = "<group>"; };
		435390222231837400399216 /* BodyPlacement.swift */ = {isa = PBXFileReference; lastKnownFileType = sourcecode.swift; path = BodyPlacement.swift; sourceTree = "<group>"; };
		435390292231A5A300399216 /* RecommendationViewModel.swift */ = {isa = PBXFileReference; lastKnownFileType = sourcecode.swift; path = RecommendationViewModel.swift; sourceTree = "<group>"; };
		435390532232E91400399216 /* WeatherData.swift */ = {isa = PBXFileReference; lastKnownFileType = sourcecode.swift; path = WeatherData.swift; sourceTree = "<group>"; };
		435D31FC22D66BA9005F7C05 /* LocationTableViewController.swift */ = {isa = PBXFileReference; lastKnownFileType = sourcecode.swift; path = LocationTableViewController.swift; sourceTree = "<group>"; };
		435D31FE22D7861A005F7C05 /* TempLocationListData.swift */ = {isa = PBXFileReference; lastKnownFileType = sourcecode.swift; path = TempLocationListData.swift; sourceTree = "<group>"; };
		43A740942296F1A800880FED /* ClothingCollectionVIew.swift */ = {isa = PBXFileReference; lastKnownFileType = sourcecode.swift; path = ClothingCollectionVIew.swift; sourceTree = "<group>"; };
		43A74096229724A400880FED /* ClothingCollectionViewCell.swift */ = {isa = PBXFileReference; lastKnownFileType = sourcecode.swift; path = ClothingCollectionViewCell.swift; sourceTree = "<group>"; };
		43A7409A229839E300880FED /* Quicksand-Bold.ttf */ = {isa = PBXFileReference; lastKnownFileType = file; path = "Quicksand-Bold.ttf"; sourceTree = "<group>"; };
		43A7409B229839E300880FED /* Quicksand-Medium.ttf */ = {isa = PBXFileReference; lastKnownFileType = file; path = "Quicksand-Medium.ttf"; sourceTree = "<group>"; };
		43A7409C229839E300880FED /* Quicksand-Regular.ttf */ = {isa = PBXFileReference; lastKnownFileType = file; path = "Quicksand-Regular.ttf"; sourceTree = "<group>"; };
		43A7409D229839E300880FED /* Quicksand-Light.ttf */ = {isa = PBXFileReference; lastKnownFileType = file; path = "Quicksand-Light.ttf"; sourceTree = "<group>"; };
		43A7409E229839EF00880FED /* VarelaRound-Regular.ttf */ = {isa = PBXFileReference; lastKnownFileType = file; path = "VarelaRound-Regular.ttf"; sourceTree = "<group>"; };
		43D83925224D55D500128563 /* UserLocationManager.swift */ = {isa = PBXFileReference; lastKnownFileType = sourcecode.swift; path = UserLocationManager.swift; sourceTree = "<group>"; };
		7345049A224D132200090FF8 /* WeatherNetworking.swift */ = {isa = PBXFileReference; lastKnownFileType = sourcecode.swift; path = WeatherNetworking.swift; sourceTree = "<group>"; };
		73ACA6112266410E00D1FC1C /* Outfit.swift */ = {isa = PBXFileReference; lastKnownFileType = sourcecode.swift; path = Outfit.swift; sourceTree = "<group>"; };
		83DC88C46CFCD08D70549725 /* Pods-dressForTheWeatherTests.release.xcconfig */ = {isa = PBXFileReference; includeInIndex = 1; lastKnownFileType = text.xcconfig; name = "Pods-dressForTheWeatherTests.release.xcconfig"; path = "Pods/Target Support Files/Pods-dressForTheWeatherTests/Pods-dressForTheWeatherTests.release.xcconfig"; sourceTree = "<group>"; };
		8E0D23F411E75E292416E1A8 /* Pods-dressForTheWeatherTests.debug.xcconfig */ = {isa = PBXFileReference; includeInIndex = 1; lastKnownFileType = text.xcconfig; name = "Pods-dressForTheWeatherTests.debug.xcconfig"; path = "Pods/Target Support Files/Pods-dressForTheWeatherTests/Pods-dressForTheWeatherTests.debug.xcconfig"; sourceTree = "<group>"; };
		99FB56631E16763C6B7EF16E /* Pods_dressForTheWeatherTests.framework */ = {isa = PBXFileReference; explicitFileType = wrapper.framework; includeInIndex = 0; path = Pods_dressForTheWeatherTests.framework; sourceTree = BUILT_PRODUCTS_DIR; };
		CD1081DA776690A8DBC5DB46 /* Pods-dressForTheWeather.release.xcconfig */ = {isa = PBXFileReference; includeInIndex = 1; lastKnownFileType = text.xcconfig; name = "Pods-dressForTheWeather.release.xcconfig"; path = "Pods/Target Support Files/Pods-dressForTheWeather/Pods-dressForTheWeather.release.xcconfig"; sourceTree = "<group>"; };
		FCAC463EA4D809583DFCB1D1 /* Pods-dressForTheWeather.debug.xcconfig */ = {isa = PBXFileReference; includeInIndex = 1; lastKnownFileType = text.xcconfig; name = "Pods-dressForTheWeather.debug.xcconfig"; path = "Pods/Target Support Files/Pods-dressForTheWeather/Pods-dressForTheWeather.debug.xcconfig"; sourceTree = "<group>"; };
/* End PBXFileReference section */

/* Begin PBXFrameworksBuildPhase section */
		434232332215B89700304F6A /* Frameworks */ = {
			isa = PBXFrameworksBuildPhase;
			buildActionMask = 2147483647;
			files = (
				E91F1BC0C132F19A30BB42B9 /* Pods_dressForTheWeather.framework in Frameworks */,
			);
			runOnlyForDeploymentPostprocessing = 0;
		};
		434232472215B89800304F6A /* Frameworks */ = {
			isa = PBXFrameworksBuildPhase;
			buildActionMask = 2147483647;
			files = (
				D917E28FBBF82B710B78C875 /* Pods_dressForTheWeatherTests.framework in Frameworks */,
			);
			runOnlyForDeploymentPostprocessing = 0;
		};
/* End PBXFrameworksBuildPhase section */

/* Begin PBXGroup section */
		4342322D2215B89700304F6A = {
			isa = PBXGroup;
			children = (
				434232382215B89700304F6A /* dressForTheWeather */,
				4342324D2215B89800304F6A /* dressForTheWeatherTests */,
				434232372215B89700304F6A /* Products */,
				7F17CD41397142014F0D3F0A /* Pods */,
				5108107534FA2FC72FE22212 /* Frameworks */,
			);
			sourceTree = "<group>";
		};
		434232372215B89700304F6A /* Products */ = {
			isa = PBXGroup;
			children = (
				434232362215B89700304F6A /* dressForTheWeather.app */,
				4342324A2215B89800304F6A /* dressForTheWeatherTests.xctest */,
			);
			name = Products;
			sourceTree = "<group>";
		};
		434232382215B89700304F6A /* dressForTheWeather */ = {
			isa = PBXGroup;
			children = (
				434232392215B89700304F6A /* AppDelegate.swift */,
				434232402215B89700304F6A /* Assets.xcassets */,
				430A3299221F3CA0000AAE4E /* GoogleService-Info.plist */,
				434232452215B89700304F6A /* Info.plist */,
				434232422215B89700304F6A /* LaunchScreen.storyboard */,
				4342323D2215B89700304F6A /* Main.storyboard */,
				4353901F2231827400399216 /* Models */,
				73ACA6102266369D00D1FC1C /* Networking */,
				43A740982298399800880FED /* Resources */,
				4353902B2231A62C00399216 /* View Controllers */,
				435390262231862000399216 /* View Models */,
			);
			path = dressForTheWeather;
			sourceTree = "<group>";
		};
		4342324D2215B89800304F6A /* dressForTheWeatherTests */ = {
			isa = PBXGroup;
			children = (
				4342324E2215B89800304F6A /* dressForTheWeatherTests.swift */,
				434232502215B89800304F6A /* Info.plist */,
			);
			path = dressForTheWeatherTests;
			sourceTree = "<group>";
		};
		4353901F2231827400399216 /* Models */ = {
			isa = PBXGroup;
			children = (
				435390222231837400399216 /* BodyPlacement.swift */,
				4353901B22317C4200399216 /* ClothingItem.swift */,
				73ACA6112266410E00D1FC1C /* Outfit.swift */,
				43539020223182AE00399216 /* TempClothingData.swift */,
				431E8D6D22B807C10083BAB3 /* TemperatureRanges.swift */,
				435D31FE22D7861A005F7C05 /* TempLocationListData.swift */,
				435390532232E91400399216 /* WeatherData.swift */,
			);
			path = Models;
			sourceTree = "<group>";
		};
		435390262231862000399216 /* View Models */ = {
			isa = PBXGroup;
			children = (
				435390292231A5A300399216 /* RecommendationViewModel.swift */,
			);
			path = "View Models";
			sourceTree = "<group>";
		};
		4353902B2231A62C00399216 /* View Controllers */ = {
			isa = PBXGroup;
			children = (
				43A740942296F1A800880FED /* ClothingCollectionVIew.swift */,
				43A74096229724A400880FED /* ClothingCollectionViewCell.swift */,
				4342323B2215B89700304F6A /* RecommendationViewController.swift */,
				435D31FC22D66BA9005F7C05 /* LocationTableViewController.swift */,
			);
			path = "View Controllers";
			sourceTree = "<group>";
		};
		43A740982298399800880FED /* Resources */ = {
			isa = PBXGroup;
			children = (
				43A74099229839CC00880FED /* Fonts */,
			);
			path = Resources;
			sourceTree = "<group>";
		};
		43A74099229839CC00880FED /* Fonts */ = {
			isa = PBXGroup;
			children = (
				43A7409A229839E300880FED /* Quicksand-Bold.ttf */,
				43A7409D229839E300880FED /* Quicksand-Light.ttf */,
				43A7409B229839E300880FED /* Quicksand-Medium.ttf */,
				43A7409C229839E300880FED /* Quicksand-Regular.ttf */,
				43A7409E229839EF00880FED /* VarelaRound-Regular.ttf */,
			);
			path = Fonts;
			sourceTree = "<group>";
		};
		5108107534FA2FC72FE22212 /* Frameworks */ = {
			isa = PBXGroup;
			children = (
				05D58CBE184CF32BD2B38184 /* Pods_dressForTheWeather.framework */,
				99FB56631E16763C6B7EF16E /* Pods_dressForTheWeatherTests.framework */,
			);
			name = Frameworks;
			sourceTree = "<group>";
		};
		73ACA6102266369D00D1FC1C /* Networking */ = {
			isa = PBXGroup;
			children = (
				43D83925224D55D500128563 /* UserLocationManager.swift */,
				7345049A224D132200090FF8 /* WeatherNetworking.swift */,
			);
			path = Networking;
			sourceTree = "<group>";
		};
		7F17CD41397142014F0D3F0A /* Pods */ = {
			isa = PBXGroup;
			children = (
				FCAC463EA4D809583DFCB1D1 /* Pods-dressForTheWeather.debug.xcconfig */,
				CD1081DA776690A8DBC5DB46 /* Pods-dressForTheWeather.release.xcconfig */,
				8E0D23F411E75E292416E1A8 /* Pods-dressForTheWeatherTests.debug.xcconfig */,
				83DC88C46CFCD08D70549725 /* Pods-dressForTheWeatherTests.release.xcconfig */,
			);
			name = Pods;
			sourceTree = "<group>";
		};
/* End PBXGroup section */

/* Begin PBXNativeTarget section */
		434232352215B89700304F6A /* dressForTheWeather */ = {
			isa = PBXNativeTarget;
			buildConfigurationList = 434232532215B89800304F6A /* Build configuration list for PBXNativeTarget "dressForTheWeather" */;
			buildPhases = (
				D657DF3995B9FE703D1B24D9 /* [CP] Check Pods Manifest.lock */,
				434232322215B89700304F6A /* Sources */,
				434232332215B89700304F6A /* Frameworks */,
				434232342215B89700304F6A /* Resources */,
				17C1000DF7FD90A4794859D1 /* [CP] Embed Pods Frameworks */,
			);
			buildRules = (
			);
			dependencies = (
			);
			name = dressForTheWeather;
			productName = dressForTheWeather;
			productReference = 434232362215B89700304F6A /* dressForTheWeather.app */;
			productType = "com.apple.product-type.application";
		};
		434232492215B89800304F6A /* dressForTheWeatherTests */ = {
			isa = PBXNativeTarget;
			buildConfigurationList = 434232562215B89800304F6A /* Build configuration list for PBXNativeTarget "dressForTheWeatherTests" */;
			buildPhases = (
				93A8A0D0B922037DCA7929D9 /* [CP] Check Pods Manifest.lock */,
				434232462215B89800304F6A /* Sources */,
				434232472215B89800304F6A /* Frameworks */,
				434232482215B89800304F6A /* Resources */,
			);
			buildRules = (
			);
			dependencies = (
				4342324C2215B89800304F6A /* PBXTargetDependency */,
			);
			name = dressForTheWeatherTests;
			productName = dressForTheWeatherTests;
			productReference = 4342324A2215B89800304F6A /* dressForTheWeatherTests.xctest */;
			productType = "com.apple.product-type.bundle.unit-test";
		};
/* End PBXNativeTarget section */

/* Begin PBXProject section */
		4342322E2215B89700304F6A /* Project object */ = {
			isa = PBXProject;
			attributes = {
				LastSwiftUpdateCheck = 1010;
				LastUpgradeCheck = 1010;
				ORGANIZATIONNAME = DetroitLabs;
				TargetAttributes = {
					434232352215B89700304F6A = {
						CreatedOnToolsVersion = 10.1;
					};
					434232492215B89800304F6A = {
						CreatedOnToolsVersion = 10.1;
						TestTargetID = 434232352215B89700304F6A;
					};
				};
			};
			buildConfigurationList = 434232312215B89700304F6A /* Build configuration list for PBXProject "dressForTheWeather" */;
			compatibilityVersion = "Xcode 9.3";
			developmentRegion = en;
			hasScannedForEncodings = 0;
			knownRegions = (
				en,
				Base,
			);
			mainGroup = 4342322D2215B89700304F6A;
			productRefGroup = 434232372215B89700304F6A /* Products */;
			projectDirPath = "";
			projectRoot = "";
			targets = (
				434232352215B89700304F6A /* dressForTheWeather */,
				434232492215B89800304F6A /* dressForTheWeatherTests */,
			);
		};
/* End PBXProject section */

/* Begin PBXResourcesBuildPhase section */
		434232342215B89700304F6A /* Resources */ = {
			isa = PBXResourcesBuildPhase;
			buildActionMask = 2147483647;
			files = (
				434232442215B89700304F6A /* LaunchScreen.storyboard in Resources */,
				430A329A221F3CA0000AAE4E /* GoogleService-Info.plist in Resources */,
				43A740A122983B1E00880FED /* Quicksand-Medium.ttf in Resources */,
				43A740A222983B2100880FED /* Quicksand-Regular.ttf in Resources */,
				434232412215B89700304F6A /* Assets.xcassets in Resources */,
				43A740A322983B2300880FED /* VarelaRound-Regular.ttf in Resources */,
				43A740A022983B1C00880FED /* Quicksand-Light.ttf in Resources */,
				4342323F2215B89700304F6A /* Main.storyboard in Resources */,
				43A7409F22983B1800880FED /* Quicksand-Bold.ttf in Resources */,
			);
			runOnlyForDeploymentPostprocessing = 0;
		};
		434232482215B89800304F6A /* Resources */ = {
			isa = PBXResourcesBuildPhase;
			buildActionMask = 2147483647;
			files = (
				430A329B221F3CA0000AAE4E /* GoogleService-Info.plist in Resources */,
			);
			runOnlyForDeploymentPostprocessing = 0;
		};
/* End PBXResourcesBuildPhase section */

/* Begin PBXShellScriptBuildPhase section */
		17C1000DF7FD90A4794859D1 /* [CP] Embed Pods Frameworks */ = {
			isa = PBXShellScriptBuildPhase;
			buildActionMask = 2147483647;
			files = (
			);
			inputFileListPaths = (
				"${PODS_ROOT}/Target Support Files/Pods-dressForTheWeather/Pods-dressForTheWeather-frameworks-${CONFIGURATION}-input-files.xcfilelist",
			);
			name = "[CP] Embed Pods Frameworks";
			outputFileListPaths = (
				"${PODS_ROOT}/Target Support Files/Pods-dressForTheWeather/Pods-dressForTheWeather-frameworks-${CONFIGURATION}-output-files.xcfilelist",
			);
			runOnlyForDeploymentPostprocessing = 0;
			shellPath = /bin/sh;
			shellScript = "\"${PODS_ROOT}/Target Support Files/Pods-dressForTheWeather/Pods-dressForTheWeather-frameworks.sh\"\n";
			showEnvVarsInLog = 0;
		};
		93A8A0D0B922037DCA7929D9 /* [CP] Check Pods Manifest.lock */ = {
			isa = PBXShellScriptBuildPhase;
			buildActionMask = 2147483647;
			files = (
			);
			inputFileListPaths = (
			);
			inputPaths = (
				"${PODS_PODFILE_DIR_PATH}/Podfile.lock",
				"${PODS_ROOT}/Manifest.lock",
			);
			name = "[CP] Check Pods Manifest.lock";
			outputFileListPaths = (
			);
			outputPaths = (
				"$(DERIVED_FILE_DIR)/Pods-dressForTheWeatherTests-checkManifestLockResult.txt",
			);
			runOnlyForDeploymentPostprocessing = 0;
			shellPath = /bin/sh;
			shellScript = "diff \"${PODS_PODFILE_DIR_PATH}/Podfile.lock\" \"${PODS_ROOT}/Manifest.lock\" > /dev/null\nif [ $? != 0 ] ; then\n    # print error to STDERR\n    echo \"error: The sandbox is not in sync with the Podfile.lock. Run 'pod install' or update your CocoaPods installation.\" >&2\n    exit 1\nfi\n# This output is used by Xcode 'outputs' to avoid re-running this script phase.\necho \"SUCCESS\" > \"${SCRIPT_OUTPUT_FILE_0}\"\n";
			showEnvVarsInLog = 0;
		};
		D657DF3995B9FE703D1B24D9 /* [CP] Check Pods Manifest.lock */ = {
			isa = PBXShellScriptBuildPhase;
			buildActionMask = 2147483647;
			files = (
			);
			inputFileListPaths = (
			);
			inputPaths = (
				"${PODS_PODFILE_DIR_PATH}/Podfile.lock",
				"${PODS_ROOT}/Manifest.lock",
			);
			name = "[CP] Check Pods Manifest.lock";
			outputFileListPaths = (
			);
			outputPaths = (
				"$(DERIVED_FILE_DIR)/Pods-dressForTheWeather-checkManifestLockResult.txt",
			);
			runOnlyForDeploymentPostprocessing = 0;
			shellPath = /bin/sh;
			shellScript = "diff \"${PODS_PODFILE_DIR_PATH}/Podfile.lock\" \"${PODS_ROOT}/Manifest.lock\" > /dev/null\nif [ $? != 0 ] ; then\n    # print error to STDERR\n    echo \"error: The sandbox is not in sync with the Podfile.lock. Run 'pod install' or update your CocoaPods installation.\" >&2\n    exit 1\nfi\n# This output is used by Xcode 'outputs' to avoid re-running this script phase.\necho \"SUCCESS\" > \"${SCRIPT_OUTPUT_FILE_0}\"\n";
			showEnvVarsInLog = 0;
		};
/* End PBXShellScriptBuildPhase section */

/* Begin PBXSourcesBuildPhase section */
		434232322215B89700304F6A /* Sources */ = {
			isa = PBXSourcesBuildPhase;
			buildActionMask = 2147483647;
			files = (
				435390232231837400399216 /* BodyPlacement.swift in Sources */,
				4353902A2231A5A300399216 /* RecommendationViewModel.swift in Sources */,
				4353901C22317C4200399216 /* ClothingItem.swift in Sources */,
				43539021223182AE00399216 /* TempClothingData.swift in Sources */,
				435390542232E91400399216 /* WeatherData.swift in Sources */,
				4342323C2215B89700304F6A /* RecommendationViewController.swift in Sources */,
				435D31FD22D66BA9005F7C05 /* LocationTableViewController.swift in Sources */,
				7345049B224D132200090FF8 /* WeatherNetworking.swift in Sources */,
				43A740952296F1A800880FED /* ClothingCollectionVIew.swift in Sources */,
				43A74097229724A400880FED /* ClothingCollectionViewCell.swift in Sources */,
				73ACA6122266410E00D1FC1C /* Outfit.swift in Sources */,
				435D31FF22D7861A005F7C05 /* TempLocationListData.swift in Sources */,
				4342323A2215B89700304F6A /* AppDelegate.swift in Sources */,
				431E8D6E22B807C10083BAB3 /* TemperatureRanges.swift in Sources */,
				43D83926224D55D500128563 /* UserLocationManager.swift in Sources */,
			);
			runOnlyForDeploymentPostprocessing = 0;
		};
		434232462215B89800304F6A /* Sources */ = {
			isa = PBXSourcesBuildPhase;
			buildActionMask = 2147483647;
			files = (
				4342324F2215B89800304F6A /* dressForTheWeatherTests.swift in Sources */,
			);
			runOnlyForDeploymentPostprocessing = 0;
		};
/* End PBXSourcesBuildPhase section */

/* Begin PBXTargetDependency section */
		4342324C2215B89800304F6A /* PBXTargetDependency */ = {
			isa = PBXTargetDependency;
			target = 434232352215B89700304F6A /* dressForTheWeather */;
			targetProxy = 4342324B2215B89800304F6A /* PBXContainerItemProxy */;
		};
/* End PBXTargetDependency section */

/* Begin PBXVariantGroup section */
		4342323D2215B89700304F6A /* Main.storyboard */ = {
			isa = PBXVariantGroup;
			children = (
				4342323E2215B89700304F6A /* Base */,
			);
			name = Main.storyboard;
			sourceTree = "<group>";
		};
		434232422215B89700304F6A /* LaunchScreen.storyboard */ = {
			isa = PBXVariantGroup;
			children = (
				434232432215B89700304F6A /* Base */,
			);
			name = LaunchScreen.storyboard;
			sourceTree = "<group>";
		};
/* End PBXVariantGroup section */

/* Begin XCBuildConfiguration section */
		434232512215B89800304F6A /* Debug */ = {
			isa = XCBuildConfiguration;
			buildSettings = {
				ALWAYS_SEARCH_USER_PATHS = NO;
				CLANG_ANALYZER_NONNULL = YES;
				CLANG_ANALYZER_NUMBER_OBJECT_CONVERSION = YES_AGGRESSIVE;
				CLANG_CXX_LANGUAGE_STANDARD = "gnu++14";
				CLANG_CXX_LIBRARY = "libc++";
				CLANG_ENABLE_MODULES = YES;
				CLANG_ENABLE_OBJC_ARC = YES;
				CLANG_ENABLE_OBJC_WEAK = YES;
				CLANG_WARN_BLOCK_CAPTURE_AUTORELEASING = YES;
				CLANG_WARN_BOOL_CONVERSION = YES;
				CLANG_WARN_COMMA = YES;
				CLANG_WARN_CONSTANT_CONVERSION = YES;
				CLANG_WARN_DEPRECATED_OBJC_IMPLEMENTATIONS = YES;
				CLANG_WARN_DIRECT_OBJC_ISA_USAGE = YES_ERROR;
				CLANG_WARN_DOCUMENTATION_COMMENTS = YES;
				CLANG_WARN_EMPTY_BODY = YES;
				CLANG_WARN_ENUM_CONVERSION = YES;
				CLANG_WARN_INFINITE_RECURSION = YES;
				CLANG_WARN_INT_CONVERSION = YES;
				CLANG_WARN_NON_LITERAL_NULL_CONVERSION = YES;
				CLANG_WARN_OBJC_IMPLICIT_RETAIN_SELF = YES;
				CLANG_WARN_OBJC_LITERAL_CONVERSION = YES;
				CLANG_WARN_OBJC_ROOT_CLASS = YES_ERROR;
				CLANG_WARN_RANGE_LOOP_ANALYSIS = YES;
				CLANG_WARN_STRICT_PROTOTYPES = YES;
				CLANG_WARN_SUSPICIOUS_MOVE = YES;
				CLANG_WARN_UNGUARDED_AVAILABILITY = YES_AGGRESSIVE;
				CLANG_WARN_UNREACHABLE_CODE = YES;
				CLANG_WARN__DUPLICATE_METHOD_MATCH = YES;
				CODE_SIGN_IDENTITY = "iPhone Developer";
				COPY_PHASE_STRIP = NO;
				DEBUG_INFORMATION_FORMAT = dwarf;
				ENABLE_STRICT_OBJC_MSGSEND = YES;
				ENABLE_TESTABILITY = YES;
				GCC_C_LANGUAGE_STANDARD = gnu11;
				GCC_DYNAMIC_NO_PIC = NO;
				GCC_NO_COMMON_BLOCKS = YES;
				GCC_OPTIMIZATION_LEVEL = 0;
				GCC_PREPROCESSOR_DEFINITIONS = (
					"DEBUG=1",
					"$(inherited)",
				);
				GCC_WARN_64_TO_32_BIT_CONVERSION = YES;
				GCC_WARN_ABOUT_RETURN_TYPE = YES_ERROR;
				GCC_WARN_UNDECLARED_SELECTOR = YES;
				GCC_WARN_UNINITIALIZED_AUTOS = YES_AGGRESSIVE;
				GCC_WARN_UNUSED_FUNCTION = YES;
				GCC_WARN_UNUSED_VARIABLE = YES;
				IPHONEOS_DEPLOYMENT_TARGET = 12.1;
				MTL_ENABLE_DEBUG_INFO = INCLUDE_SOURCE;
				MTL_FAST_MATH = YES;
				ONLY_ACTIVE_ARCH = YES;
				SDKROOT = iphoneos;
				SWIFT_ACTIVE_COMPILATION_CONDITIONS = DEBUG;
				SWIFT_OPTIMIZATION_LEVEL = "-Onone";
			};
			name = Debug;
		};
		434232522215B89800304F6A /* Release */ = {
			isa = XCBuildConfiguration;
			buildSettings = {
				ALWAYS_SEARCH_USER_PATHS = NO;
				CLANG_ANALYZER_NONNULL = YES;
				CLANG_ANALYZER_NUMBER_OBJECT_CONVERSION = YES_AGGRESSIVE;
				CLANG_CXX_LANGUAGE_STANDARD = "gnu++14";
				CLANG_CXX_LIBRARY = "libc++";
				CLANG_ENABLE_MODULES = YES;
				CLANG_ENABLE_OBJC_ARC = YES;
				CLANG_ENABLE_OBJC_WEAK = YES;
				CLANG_WARN_BLOCK_CAPTURE_AUTORELEASING = YES;
				CLANG_WARN_BOOL_CONVERSION = YES;
				CLANG_WARN_COMMA = YES;
				CLANG_WARN_CONSTANT_CONVERSION = YES;
				CLANG_WARN_DEPRECATED_OBJC_IMPLEMENTATIONS = YES;
				CLANG_WARN_DIRECT_OBJC_ISA_USAGE = YES_ERROR;
				CLANG_WARN_DOCUMENTATION_COMMENTS = YES;
				CLANG_WARN_EMPTY_BODY = YES;
				CLANG_WARN_ENUM_CONVERSION = YES;
				CLANG_WARN_INFINITE_RECURSION = YES;
				CLANG_WARN_INT_CONVERSION = YES;
				CLANG_WARN_NON_LITERAL_NULL_CONVERSION = YES;
				CLANG_WARN_OBJC_IMPLICIT_RETAIN_SELF = YES;
				CLANG_WARN_OBJC_LITERAL_CONVERSION = YES;
				CLANG_WARN_OBJC_ROOT_CLASS = YES_ERROR;
				CLANG_WARN_RANGE_LOOP_ANALYSIS = YES;
				CLANG_WARN_STRICT_PROTOTYPES = YES;
				CLANG_WARN_SUSPICIOUS_MOVE = YES;
				CLANG_WARN_UNGUARDED_AVAILABILITY = YES_AGGRESSIVE;
				CLANG_WARN_UNREACHABLE_CODE = YES;
				CLANG_WARN__DUPLICATE_METHOD_MATCH = YES;
				CODE_SIGN_IDENTITY = "iPhone Developer";
				COPY_PHASE_STRIP = NO;
				DEBUG_INFORMATION_FORMAT = "dwarf-with-dsym";
				ENABLE_NS_ASSERTIONS = NO;
				ENABLE_STRICT_OBJC_MSGSEND = YES;
				GCC_C_LANGUAGE_STANDARD = gnu11;
				GCC_NO_COMMON_BLOCKS = YES;
				GCC_WARN_64_TO_32_BIT_CONVERSION = YES;
				GCC_WARN_ABOUT_RETURN_TYPE = YES_ERROR;
				GCC_WARN_UNDECLARED_SELECTOR = YES;
				GCC_WARN_UNINITIALIZED_AUTOS = YES_AGGRESSIVE;
				GCC_WARN_UNUSED_FUNCTION = YES;
				GCC_WARN_UNUSED_VARIABLE = YES;
				IPHONEOS_DEPLOYMENT_TARGET = 12.1;
				MTL_ENABLE_DEBUG_INFO = NO;
				MTL_FAST_MATH = YES;
				SDKROOT = iphoneos;
				SWIFT_COMPILATION_MODE = wholemodule;
				SWIFT_OPTIMIZATION_LEVEL = "-O";
				VALIDATE_PRODUCT = YES;
			};
			name = Release;
		};
		434232542215B89800304F6A /* Debug */ = {
			isa = XCBuildConfiguration;
			baseConfigurationReference = FCAC463EA4D809583DFCB1D1 /* Pods-dressForTheWeather.debug.xcconfig */;
			buildSettings = {
				ASSETCATALOG_COMPILER_APPICON_NAME = AppIcon;
				CODE_SIGN_STYLE = Automatic;
				DEVELOPMENT_TEAM = X92MV7K3RG;
				INFOPLIST_FILE = dressForTheWeather/Info.plist;
				LD_RUNPATH_SEARCH_PATHS = (
					"$(inherited)",
					"@executable_path/Frameworks",
				);
				PRODUCT_BUNDLE_IDENTIFIER = com.detroitlabs.dressForTheWeather;
				PRODUCT_NAME = "$(TARGET_NAME)";
				SWIFT_VERSION = 4.2;
				TARGETED_DEVICE_FAMILY = "1,2";
			};
			name = Debug;
		};
		434232552215B89800304F6A /* Release */ = {
			isa = XCBuildConfiguration;
			baseConfigurationReference = CD1081DA776690A8DBC5DB46 /* Pods-dressForTheWeather.release.xcconfig */;
			buildSettings = {
				ASSETCATALOG_COMPILER_APPICON_NAME = AppIcon;
				CODE_SIGN_STYLE = Automatic;
				DEVELOPMENT_TEAM = X92MV7K3RG;
				INFOPLIST_FILE = dressForTheWeather/Info.plist;
				LD_RUNPATH_SEARCH_PATHS = (
					"$(inherited)",
					"@executable_path/Frameworks",
				);
				PRODUCT_BUNDLE_IDENTIFIER = com.detroitlabs.dressForTheWeather;
				PRODUCT_NAME = "$(TARGET_NAME)";
				SWIFT_VERSION = 4.2;
				TARGETED_DEVICE_FAMILY = "1,2";
			};
			name = Release;
		};
		434232572215B89800304F6A /* Debug */ = {
			isa = XCBuildConfiguration;
			baseConfigurationReference = 8E0D23F411E75E292416E1A8 /* Pods-dressForTheWeatherTests.debug.xcconfig */;
			buildSettings = {
				ALWAYS_EMBED_SWIFT_STANDARD_LIBRARIES = YES;
				BUNDLE_LOADER = "$(TEST_HOST)";
				CODE_SIGN_STYLE = Automatic;
				INFOPLIST_FILE = dressForTheWeatherTests/Info.plist;
				LD_RUNPATH_SEARCH_PATHS = (
					"$(inherited)",
					"@executable_path/Frameworks",
					"@loader_path/Frameworks",
				);
				PRODUCT_BUNDLE_IDENTIFIER = com.detroitlabs.dressForTheWeatherTests;
				PRODUCT_NAME = "$(TARGET_NAME)";
				SWIFT_VERSION = 4.2;
				TARGETED_DEVICE_FAMILY = "1,2";
				TEST_HOST = "$(BUILT_PRODUCTS_DIR)/dressForTheWeather.app/dressForTheWeather";
			};
			name = Debug;
		};
		434232582215B89800304F6A /* Release */ = {
			isa = XCBuildConfiguration;
			baseConfigurationReference = 83DC88C46CFCD08D70549725 /* Pods-dressForTheWeatherTests.release.xcconfig */;
			buildSettings = {
				ALWAYS_EMBED_SWIFT_STANDARD_LIBRARIES = YES;
				BUNDLE_LOADER = "$(TEST_HOST)";
				CODE_SIGN_STYLE = Automatic;
				INFOPLIST_FILE = dressForTheWeatherTests/Info.plist;
				LD_RUNPATH_SEARCH_PATHS = (
					"$(inherited)",
					"@executable_path/Frameworks",
					"@loader_path/Frameworks",
				);
				PRODUCT_BUNDLE_IDENTIFIER = com.detroitlabs.dressForTheWeatherTests;
				PRODUCT_NAME = "$(TARGET_NAME)";
				SWIFT_VERSION = 4.2;
				TARGETED_DEVICE_FAMILY = "1,2";
				TEST_HOST = "$(BUILT_PRODUCTS_DIR)/dressForTheWeather.app/dressForTheWeather";
			};
			name = Release;
		};
/* End XCBuildConfiguration section */

/* Begin XCConfigurationList section */
		434232312215B89700304F6A /* Build configuration list for PBXProject "dressForTheWeather" */ = {
			isa = XCConfigurationList;
			buildConfigurations = (
				434232512215B89800304F6A /* Debug */,
				434232522215B89800304F6A /* Release */,
			);
			defaultConfigurationIsVisible = 0;
			defaultConfigurationName = Release;
		};
		434232532215B89800304F6A /* Build configuration list for PBXNativeTarget "dressForTheWeather" */ = {
			isa = XCConfigurationList;
			buildConfigurations = (
				434232542215B89800304F6A /* Debug */,
				434232552215B89800304F6A /* Release */,
			);
			defaultConfigurationIsVisible = 0;
			defaultConfigurationName = Release;
		};
		434232562215B89800304F6A /* Build configuration list for PBXNativeTarget "dressForTheWeatherTests" */ = {
			isa = XCConfigurationList;
			buildConfigurations = (
				434232572215B89800304F6A /* Debug */,
				434232582215B89800304F6A /* Release */,
			);
			defaultConfigurationIsVisible = 0;
			defaultConfigurationName = Release;
		};
/* End XCConfigurationList section */
	};
	rootObject = 4342322E2215B89700304F6A /* Project object */;
}
